// !$*UTF8*$!
{
	archiveVersion = 1;
	classes = {
	};
	objectVersion = 50;
	objects = {

/* Begin PBXBuildFile section */
		236A36B92358D91F000BF752 /* BookingView.swift in Sources */ = {isa = PBXBuildFile; fileRef = 236A36B82358D91F000BF752 /* BookingView.swift */; };
		236A36BB2358D92E000BF752 /* BookingView.xib in Resources */ = {isa = PBXBuildFile; fileRef = 236A36BA2358D92E000BF752 /* BookingView.xib */; };
		236A36BD2358E2EC000BF752 /* Bundle+XIB.swift in Sources */ = {isa = PBXBuildFile; fileRef = 236A36BC2358E2EC000BF752 /* Bundle+XIB.swift */; };
		236A36C02358E5A6000BF752 /* UIView+Autolayout.swift in Sources */ = {isa = PBXBuildFile; fileRef = 236A36BF2358E5A6000BF752 /* UIView+Autolayout.swift */; };
		2370EF012358AD2D0091BEC3 /* ExsistingBookingViewController.swift in Sources */ = {isa = PBXBuildFile; fileRef = 2370EEFF2358AD2D0091BEC3 /* ExsistingBookingViewController.swift */; };
		2370EF022358AD2D0091BEC3 /* ExsistingBookingViewController.xib in Resources */ = {isa = PBXBuildFile; fileRef = 2370EF002358AD2D0091BEC3 /* ExsistingBookingViewController.xib */; };
		2370EF0A2358B7290091BEC3 /* BookingTableViewController.swift in Sources */ = {isa = PBXBuildFile; fileRef = 2370EF082358B7290091BEC3 /* BookingTableViewController.swift */; };
		2370EF0B2358B7290091BEC3 /* BookingTableViewController.xib in Resources */ = {isa = PBXBuildFile; fileRef = 2370EF092358B7290091BEC3 /* BookingTableViewController.xib */; };
		2687D2742358AA73003D2EBC /* streets.Aachen.json in Resources */ = {isa = PBXBuildFile; fileRef = 2687D2732358AA73003D2EBC /* streets.Aachen.json */; };
		268AFB062358A151000CB991 /* SearchViewController.swift in Sources */ = {isa = PBXBuildFile; fileRef = 268AFB042358A151000CB991 /* SearchViewController.swift */; };
		268AFB072358A151000CB991 /* SearchViewController.xib in Resources */ = {isa = PBXBuildFile; fileRef = 268AFB052358A151000CB991 /* SearchViewController.xib */; };
		26B449BF23589B46001BB99B /* LocationSearchViewController.swift in Sources */ = {isa = PBXBuildFile; fileRef = 26B449BE23589B46001BB99B /* LocationSearchViewController.swift */; };
		72DCAEFD23588B8000EAD63D /* AppDelegate.swift in Sources */ = {isa = PBXBuildFile; fileRef = 72DCAEFC23588B8000EAD63D /* AppDelegate.swift */; };
		72DCAEFF23588B8000EAD63D /* SceneDelegate.swift in Sources */ = {isa = PBXBuildFile; fileRef = 72DCAEFE23588B8000EAD63D /* SceneDelegate.swift */; };
		72DCAF0623588B8100EAD63D /* Assets.xcassets in Resources */ = {isa = PBXBuildFile; fileRef = 72DCAF0523588B8100EAD63D /* Assets.xcassets */; };
		72DCAF0923588B8100EAD63D /* LaunchScreen.storyboard in Resources */ = {isa = PBXBuildFile; fileRef = 72DCAF0723588B8100EAD63D /* LaunchScreen.storyboard */; };
		72DCAF4123588D0700EAD63D /* URL+URLRequest+Session.swift in Sources */ = {isa = PBXBuildFile; fileRef = 72DCAF1223588D0700EAD63D /* URL+URLRequest+Session.swift */; };
		72DCAF4223588D0700EAD63D /* Bundle+InfoPlist.swift in Sources */ = {isa = PBXBuildFile; fileRef = 72DCAF1323588D0700EAD63D /* Bundle+InfoPlist.swift */; };
		72DCAF4323588D0700EAD63D /* Result+Errors.swift in Sources */ = {isa = PBXBuildFile; fileRef = 72DCAF1423588D0700EAD63D /* Result+Errors.swift */; };
		72DCAF4423588D0700EAD63D /* Encodable+JSON.swift in Sources */ = {isa = PBXBuildFile; fileRef = 72DCAF1523588D0700EAD63D /* Encodable+JSON.swift */; };
		72DCAF4623588D0700EAD63D /* APIClient.swift in Sources */ = {isa = PBXBuildFile; fileRef = 72DCAF1723588D0700EAD63D /* APIClient.swift */; };
		72DCAF4E23588D0700EAD63D /* BookingEndpoint.swift in Sources */ = {isa = PBXBuildFile; fileRef = 72DCAF2623588D0700EAD63D /* BookingEndpoint.swift */; };
		72DCAF5523588D0700EAD63D /* Endpoint.swift in Sources */ = {isa = PBXBuildFile; fileRef = 72DCAF3323588D0700EAD63D /* Endpoint.swift */; };
		72DCAF5723588D0700EAD63D /* NetworkClient.swift in Sources */ = {isa = PBXBuildFile; fileRef = 72DCAF3723588D0700EAD63D /* NetworkClient.swift */; };
		72DCAF5823588D0700EAD63D /* NetworkFailure.swift in Sources */ = {isa = PBXBuildFile; fileRef = 72DCAF3823588D0700EAD63D /* NetworkFailure.swift */; };
		72DCAF5923588D0700EAD63D /* Response.swift in Sources */ = {isa = PBXBuildFile; fileRef = 72DCAF3923588D0700EAD63D /* Response.swift */; };
		72DCAF5A23588D0700EAD63D /* Request.swift in Sources */ = {isa = PBXBuildFile; fileRef = 72DCAF3A23588D0700EAD63D /* Request.swift */; };
		72DCAF6223588D6200EAD63D /* VehicleEndpoint.swift in Sources */ = {isa = PBXBuildFile; fileRef = 72DCAF6123588D6200EAD63D /* VehicleEndpoint.swift */; };
		72DCAF6423588F8500EAD63D /* Booking.swift in Sources */ = {isa = PBXBuildFile; fileRef = 72DCAF6323588F8500EAD63D /* Booking.swift */; };
		72DCAF6623588FCC00EAD63D /* Vehicle.swift in Sources */ = {isa = PBXBuildFile; fileRef = 72DCAF6523588FCC00EAD63D /* Vehicle.swift */; };
		72DCAF682358900C00EAD63D /* Environment.swift in Sources */ = {isa = PBXBuildFile; fileRef = 72DCAF672358900C00EAD63D /* Environment.swift */; };
		72DCAF6A2358903B00EAD63D /* Team.swift in Sources */ = {isa = PBXBuildFile; fileRef = 72DCAF692358903B00EAD63D /* Team.swift */; };
/* End PBXBuildFile section */

/* Begin PBXFileReference section */
		236A36B82358D91F000BF752 /* BookingView.swift */ = {isa = PBXFileReference; lastKnownFileType = sourcecode.swift; path = BookingView.swift; sourceTree = "<group>"; };
		236A36BA2358D92E000BF752 /* BookingView.xib */ = {isa = PBXFileReference; lastKnownFileType = file.xib; path = BookingView.xib; sourceTree = "<group>"; };
		236A36BC2358E2EC000BF752 /* Bundle+XIB.swift */ = {isa = PBXFileReference; lastKnownFileType = sourcecode.swift; path = "Bundle+XIB.swift"; sourceTree = "<group>"; };
		236A36BF2358E5A6000BF752 /* UIView+Autolayout.swift */ = {isa = PBXFileReference; lastKnownFileType = sourcecode.swift; path = "UIView+Autolayout.swift"; sourceTree = "<group>"; };
		2370EEFF2358AD2D0091BEC3 /* ExsistingBookingViewController.swift */ = {isa = PBXFileReference; lastKnownFileType = sourcecode.swift; path = ExsistingBookingViewController.swift; sourceTree = "<group>"; };
		2370EF002358AD2D0091BEC3 /* ExsistingBookingViewController.xib */ = {isa = PBXFileReference; lastKnownFileType = file.xib; path = ExsistingBookingViewController.xib; sourceTree = "<group>"; };
		2370EF082358B7290091BEC3 /* BookingTableViewController.swift */ = {isa = PBXFileReference; lastKnownFileType = sourcecode.swift; path = BookingTableViewController.swift; sourceTree = "<group>"; };
		2370EF092358B7290091BEC3 /* BookingTableViewController.xib */ = {isa = PBXFileReference; lastKnownFileType = file.xib; path = BookingTableViewController.xib; sourceTree = "<group>"; };
		2687D2732358AA73003D2EBC /* streets.Aachen.json */ = {isa = PBXFileReference; fileEncoding = 4; lastKnownFileType = text.json; path = streets.Aachen.json; sourceTree = "<group>"; };
		268AFB042358A151000CB991 /* SearchViewController.swift */ = {isa = PBXFileReference; lastKnownFileType = sourcecode.swift; path = SearchViewController.swift; sourceTree = "<group>"; };
		268AFB052358A151000CB991 /* SearchViewController.xib */ = {isa = PBXFileReference; lastKnownFileType = file.xib; path = SearchViewController.xib; sourceTree = "<group>"; };
		26B449BE23589B46001BB99B /* LocationSearchViewController.swift */ = {isa = PBXFileReference; lastKnownFileType = sourcecode.swift; path = LocationSearchViewController.swift; sourceTree = "<group>"; };
		72DCAEF923588B8000EAD63D /* Moose.app */ = {isa = PBXFileReference; explicitFileType = wrapper.application; includeInIndex = 0; path = Moose.app; sourceTree = BUILT_PRODUCTS_DIR; };
		72DCAEFC23588B8000EAD63D /* AppDelegate.swift */ = {isa = PBXFileReference; lastKnownFileType = sourcecode.swift; path = AppDelegate.swift; sourceTree = "<group>"; };
		72DCAEFE23588B8000EAD63D /* SceneDelegate.swift */ = {isa = PBXFileReference; lastKnownFileType = sourcecode.swift; path = SceneDelegate.swift; sourceTree = "<group>"; };
		72DCAF0523588B8100EAD63D /* Assets.xcassets */ = {isa = PBXFileReference; lastKnownFileType = folder.assetcatalog; path = Assets.xcassets; sourceTree = "<group>"; };
		72DCAF0823588B8100EAD63D /* Base */ = {isa = PBXFileReference; lastKnownFileType = file.storyboard; name = Base; path = Base.lproj/LaunchScreen.storyboard; sourceTree = "<group>"; };
		72DCAF0A23588B8100EAD63D /* Info.plist */ = {isa = PBXFileReference; lastKnownFileType = text.plist.xml; path = Info.plist; sourceTree = "<group>"; };
		72DCAF1223588D0700EAD63D /* URL+URLRequest+Session.swift */ = {isa = PBXFileReference; fileEncoding = 4; lastKnownFileType = sourcecode.swift; path = "URL+URLRequest+Session.swift"; sourceTree = "<group>"; };
		72DCAF1323588D0700EAD63D /* Bundle+InfoPlist.swift */ = {isa = PBXFileReference; fileEncoding = 4; lastKnownFileType = sourcecode.swift; path = "Bundle+InfoPlist.swift"; sourceTree = "<group>"; };
		72DCAF1423588D0700EAD63D /* Result+Errors.swift */ = {isa = PBXFileReference; fileEncoding = 4; lastKnownFileType = sourcecode.swift; path = "Result+Errors.swift"; sourceTree = "<group>"; };
		72DCAF1523588D0700EAD63D /* Encodable+JSON.swift */ = {isa = PBXFileReference; fileEncoding = 4; lastKnownFileType = sourcecode.swift; path = "Encodable+JSON.swift"; sourceTree = "<group>"; };
		72DCAF1723588D0700EAD63D /* APIClient.swift */ = {isa = PBXFileReference; fileEncoding = 4; lastKnownFileType = sourcecode.swift; path = APIClient.swift; sourceTree = "<group>"; };
		72DCAF1823588D0700EAD63D /* APIClient.h */ = {isa = PBXFileReference; fileEncoding = 4; lastKnownFileType = sourcecode.c.h; path = APIClient.h; sourceTree = "<group>"; };
		72DCAF2623588D0700EAD63D /* BookingEndpoint.swift */ = {isa = PBXFileReference; fileEncoding = 4; lastKnownFileType = sourcecode.swift; path = BookingEndpoint.swift; sourceTree = "<group>"; };
		72DCAF3323588D0700EAD63D /* Endpoint.swift */ = {isa = PBXFileReference; fileEncoding = 4; lastKnownFileType = sourcecode.swift; path = Endpoint.swift; sourceTree = "<group>"; };
		72DCAF3723588D0700EAD63D /* NetworkClient.swift */ = {isa = PBXFileReference; fileEncoding = 4; lastKnownFileType = sourcecode.swift; path = NetworkClient.swift; sourceTree = "<group>"; };
		72DCAF3823588D0700EAD63D /* NetworkFailure.swift */ = {isa = PBXFileReference; fileEncoding = 4; lastKnownFileType = sourcecode.swift; path = NetworkFailure.swift; sourceTree = "<group>"; };
		72DCAF3923588D0700EAD63D /* Response.swift */ = {isa = PBXFileReference; fileEncoding = 4; lastKnownFileType = sourcecode.swift; path = Response.swift; sourceTree = "<group>"; };
		72DCAF3A23588D0700EAD63D /* Request.swift */ = {isa = PBXFileReference; fileEncoding = 4; lastKnownFileType = sourcecode.swift; path = Request.swift; sourceTree = "<group>"; };
		72DCAF6123588D6200EAD63D /* VehicleEndpoint.swift */ = {isa = PBXFileReference; lastKnownFileType = sourcecode.swift; path = VehicleEndpoint.swift; sourceTree = "<group>"; };
		72DCAF6323588F8500EAD63D /* Booking.swift */ = {isa = PBXFileReference; lastKnownFileType = sourcecode.swift; path = Booking.swift; sourceTree = "<group>"; };
		72DCAF6523588FCC00EAD63D /* Vehicle.swift */ = {isa = PBXFileReference; lastKnownFileType = sourcecode.swift; path = Vehicle.swift; sourceTree = "<group>"; };
		72DCAF672358900C00EAD63D /* Environment.swift */ = {isa = PBXFileReference; lastKnownFileType = sourcecode.swift; path = Environment.swift; sourceTree = "<group>"; };
		72DCAF692358903B00EAD63D /* Team.swift */ = {isa = PBXFileReference; lastKnownFileType = sourcecode.swift; path = Team.swift; sourceTree = "<group>"; };
/* End PBXFileReference section */

/* Begin PBXFrameworksBuildPhase section */
		72DCAEF623588B8000EAD63D /* Frameworks */ = {
			isa = PBXFrameworksBuildPhase;
			buildActionMask = 2147483647;
			files = (
			);
			runOnlyForDeploymentPostprocessing = 0;
		};
/* End PBXFrameworksBuildPhase section */

/* Begin PBXGroup section */
		236A36B52358D8C6000BF752 /* BookingTableView */ = {
			isa = PBXGroup;
			children = (
				2370EF082358B7290091BEC3 /* BookingTableViewController.swift */,
				2370EF092358B7290091BEC3 /* BookingTableViewController.xib */,
				236A36B82358D91F000BF752 /* BookingView.swift */,
				236A36BA2358D92E000BF752 /* BookingView.xib */,
			);
			path = BookingTableView;
			sourceTree = "<group>";
		};
		236A36BE2358E2F8000BF752 /* Extensions */ = {
			isa = PBXGroup;
			children = (
				236A36BC2358E2EC000BF752 /* Bundle+XIB.swift */,
				236A36BF2358E5A6000BF752 /* UIView+Autolayout.swift */,
			);
			path = Extensions;
			sourceTree = "<group>";
		};
		2370EF032358AD4E0091BEC3 /* SharedUI */ = {
			isa = PBXGroup;
			children = (
			);
			path = SharedUI;
			sourceTree = "<group>";
		};
		72DCAEF023588B8000EAD63D = {
			isa = PBXGroup;
			children = (
				72DCAEFB23588B8000EAD63D /* Moose */,
				72DCAEFA23588B8000EAD63D /* Products */,
			);
			sourceTree = "<group>";
		};
		72DCAEFA23588B8000EAD63D /* Products */ = {
			isa = PBXGroup;
			children = (
				72DCAEF923588B8000EAD63D /* Moose.app */,
			);
			name = Products;
			sourceTree = "<group>";
		};
		72DCAEFB23588B8000EAD63D /* Moose */ = {
			isa = PBXGroup;
			children = (
				2370EF032358AD4E0091BEC3 /* SharedUI */,
				72DCAF1023588CA300EAD63D /* APIClient */,
				236A36BE2358E2F8000BF752 /* Extensions */,
				72DCAEFC23588B8000EAD63D /* AppDelegate.swift */,
				72DCAEFE23588B8000EAD63D /* SceneDelegate.swift */,
				26B449BE23589B46001BB99B /* LocationSearchViewController.swift */,
				268AFB042358A151000CB991 /* SearchViewController.swift */,
				268AFB052358A151000CB991 /* SearchViewController.xib */,
				2370EEFF2358AD2D0091BEC3 /* ExsistingBookingViewController.swift */,
				2370EF002358AD2D0091BEC3 /* ExsistingBookingViewController.xib */,
				236A36B52358D8C6000BF752 /* BookingTableView */,
				2687D2732358AA73003D2EBC /* streets.Aachen.json */,
				72DCAF0523588B8100EAD63D /* Assets.xcassets */,
				72DCAF0723588B8100EAD63D /* LaunchScreen.storyboard */,
				72DCAF0A23588B8100EAD63D /* Info.plist */,
			);
			path = Moose;
			sourceTree = "<group>";
		};
		72DCAF1023588CA300EAD63D /* APIClient */ = {
			isa = PBXGroup;
			children = (
				72DCAF1723588D0700EAD63D /* APIClient.swift */,
				72DCAF1823588D0700EAD63D /* APIClient.h */,
				72DCAF1C23588D0700EAD63D /* Endpoints */,
				72DCAF1123588D0700EAD63D /* Extension */,
				72DCAF3B23588D0700EAD63D /* Model */,
				72DCAF3623588D0700EAD63D /* Network */,
			);
			path = APIClient;
			sourceTree = "<group>";
		};
		72DCAF1123588D0700EAD63D /* Extension */ = {
			isa = PBXGroup;
			children = (
				72DCAF1223588D0700EAD63D /* URL+URLRequest+Session.swift */,
				72DCAF1323588D0700EAD63D /* Bundle+InfoPlist.swift */,
				72DCAF1423588D0700EAD63D /* Result+Errors.swift */,
				72DCAF1523588D0700EAD63D /* Encodable+JSON.swift */,
			);
			path = Extension;
			sourceTree = "<group>";
		};
		72DCAF1C23588D0700EAD63D /* Endpoints */ = {
			isa = PBXGroup;
			children = (
				72DCAF6023588D5100EAD63D /* Vehicle */,
				72DCAF2523588D0700EAD63D /* Bookings */,
				72DCAF3323588D0700EAD63D /* Endpoint.swift */,
			);
			path = Endpoints;
			sourceTree = "<group>";
		};
		72DCAF2523588D0700EAD63D /* Bookings */ = {
			isa = PBXGroup;
			children = (
				72DCAF2623588D0700EAD63D /* BookingEndpoint.swift */,
			);
			path = Bookings;
			sourceTree = "<group>";
		};
		72DCAF3623588D0700EAD63D /* Network */ = {
			isa = PBXGroup;
			children = (
				72DCAF3723588D0700EAD63D /* NetworkClient.swift */,
				72DCAF3823588D0700EAD63D /* NetworkFailure.swift */,
				72DCAF3923588D0700EAD63D /* Response.swift */,
				72DCAF3A23588D0700EAD63D /* Request.swift */,
			);
			path = Network;
			sourceTree = "<group>";
		};
		72DCAF3B23588D0700EAD63D /* Model */ = {
			isa = PBXGroup;
			children = (
				72DCAF6323588F8500EAD63D /* Booking.swift */,
				72DCAF6523588FCC00EAD63D /* Vehicle.swift */,
				72DCAF672358900C00EAD63D /* Environment.swift */,
				72DCAF692358903B00EAD63D /* Team.swift */,
			);
			path = Model;
			sourceTree = "<group>";
		};
		72DCAF6023588D5100EAD63D /* Vehicle */ = {
			isa = PBXGroup;
			children = (
				72DCAF6123588D6200EAD63D /* VehicleEndpoint.swift */,
			);
			path = Vehicle;
			sourceTree = "<group>";
		};
/* End PBXGroup section */

/* Begin PBXNativeTarget section */
		72DCAEF823588B8000EAD63D /* Moose */ = {
			isa = PBXNativeTarget;
			buildConfigurationList = 72DCAF0D23588B8100EAD63D /* Build configuration list for PBXNativeTarget "Moose" */;
			buildPhases = (
				72DCAEF523588B8000EAD63D /* Sources */,
				72DCAEF623588B8000EAD63D /* Frameworks */,
				72DCAEF723588B8000EAD63D /* Resources */,
			);
			buildRules = (
			);
			dependencies = (
			);
			name = Moose;
			productName = Moose;
			productReference = 72DCAEF923588B8000EAD63D /* Moose.app */;
			productType = "com.apple.product-type.application";
		};
/* End PBXNativeTarget section */

/* Begin PBXProject section */
		72DCAEF123588B8000EAD63D /* Project object */ = {
			isa = PBXProject;
			attributes = {
				LastSwiftUpdateCheck = 1110;
				LastUpgradeCheck = 1110;
				ORGANIZATIONNAME = Moose;
				TargetAttributes = {
					72DCAEF823588B8000EAD63D = {
						CreatedOnToolsVersion = 11.1;
					};
				};
			};
			buildConfigurationList = 72DCAEF423588B8000EAD63D /* Build configuration list for PBXProject "Moose" */;
			compatibilityVersion = "Xcode 9.3";
			developmentRegion = en;
			hasScannedForEncodings = 0;
			knownRegions = (
				en,
				Base,
			);
			mainGroup = 72DCAEF023588B8000EAD63D;
			productRefGroup = 72DCAEFA23588B8000EAD63D /* Products */;
			projectDirPath = "";
			projectRoot = "";
			targets = (
				72DCAEF823588B8000EAD63D /* Moose */,
			);
		};
/* End PBXProject section */

/* Begin PBXResourcesBuildPhase section */
		72DCAEF723588B8000EAD63D /* Resources */ = {
			isa = PBXResourcesBuildPhase;
			buildActionMask = 2147483647;
			files = (
				2370EF022358AD2D0091BEC3 /* ExsistingBookingViewController.xib in Resources */,
				72DCAF0923588B8100EAD63D /* LaunchScreen.storyboard in Resources */,
				72DCAF0623588B8100EAD63D /* Assets.xcassets in Resources */,
				268AFB072358A151000CB991 /* SearchViewController.xib in Resources */,
				2687D2742358AA73003D2EBC /* streets.Aachen.json in Resources */,
				236A36BB2358D92E000BF752 /* BookingView.xib in Resources */,
				2370EF0B2358B7290091BEC3 /* BookingTableViewController.xib in Resources */,
			);
			runOnlyForDeploymentPostprocessing = 0;
		};
/* End PBXResourcesBuildPhase section */

/* Begin PBXSourcesBuildPhase section */
		72DCAEF523588B8000EAD63D /* Sources */ = {
			isa = PBXSourcesBuildPhase;
			buildActionMask = 2147483647;
			files = (
				72DCAF4123588D0700EAD63D /* URL+URLRequest+Session.swift in Sources */,
				72DCAF6423588F8500EAD63D /* Booking.swift in Sources */,
				72DCAF6A2358903B00EAD63D /* Team.swift in Sources */,
				2370EF0A2358B7290091BEC3 /* BookingTableViewController.swift in Sources */,
				236A36B92358D91F000BF752 /* BookingView.swift in Sources */,
				72DCAF5A23588D0700EAD63D /* Request.swift in Sources */,
				268AFB062358A151000CB991 /* SearchViewController.swift in Sources */,
				236A36C02358E5A6000BF752 /* UIView+Autolayout.swift in Sources */,
				2370EF012358AD2D0091BEC3 /* ExsistingBookingViewController.swift in Sources */,
				72DCAF5523588D0700EAD63D /* Endpoint.swift in Sources */,
				72DCAF4423588D0700EAD63D /* Encodable+JSON.swift in Sources */,
				72DCAF5823588D0700EAD63D /* NetworkFailure.swift in Sources */,
				236A36BD2358E2EC000BF752 /* Bundle+XIB.swift in Sources */,
				72DCAF6623588FCC00EAD63D /* Vehicle.swift in Sources */,
				72DCAF4223588D0700EAD63D /* Bundle+InfoPlist.swift in Sources */,
				72DCAEFD23588B8000EAD63D /* AppDelegate.swift in Sources */,
				72DCAEFF23588B8000EAD63D /* SceneDelegate.swift in Sources */,
				72DCAF4623588D0700EAD63D /* APIClient.swift in Sources */,
				72DCAF4E23588D0700EAD63D /* BookingEndpoint.swift in Sources */,
				72DCAF682358900C00EAD63D /* Environment.swift in Sources */,
				72DCAF5723588D0700EAD63D /* NetworkClient.swift in Sources */,
				72DCAF6223588D6200EAD63D /* VehicleEndpoint.swift in Sources */,
				72DCAF4323588D0700EAD63D /* Result+Errors.swift in Sources */,
				72DCAF5923588D0700EAD63D /* Response.swift in Sources */,
				26B449BF23589B46001BB99B /* LocationSearchViewController.swift in Sources */,
			);
			runOnlyForDeploymentPostprocessing = 0;
		};
/* End PBXSourcesBuildPhase section */

/* Begin PBXVariantGroup section */
		72DCAF0723588B8100EAD63D /* LaunchScreen.storyboard */ = {
			isa = PBXVariantGroup;
			children = (
				72DCAF0823588B8100EAD63D /* Base */,
			);
			name = LaunchScreen.storyboard;
			sourceTree = "<group>";
		};
/* End PBXVariantGroup section */

/* Begin XCBuildConfiguration section */
		72DCAF0B23588B8100EAD63D /* Debug */ = {
			isa = XCBuildConfiguration;
			buildSettings = {
				ALWAYS_SEARCH_USER_PATHS = NO;
				CLANG_ANALYZER_NONNULL = YES;
				CLANG_ANALYZER_NUMBER_OBJECT_CONVERSION = YES_AGGRESSIVE;
				CLANG_CXX_LANGUAGE_STANDARD = "gnu++14";
				CLANG_CXX_LIBRARY = "libc++";
				CLANG_ENABLE_MODULES = YES;
				CLANG_ENABLE_OBJC_ARC = YES;
				CLANG_ENABLE_OBJC_WEAK = YES;
				CLANG_WARN_BLOCK_CAPTURE_AUTORELEASING = YES;
				CLANG_WARN_BOOL_CONVERSION = YES;
				CLANG_WARN_COMMA = YES;
				CLANG_WARN_CONSTANT_CONVERSION = YES;
				CLANG_WARN_DEPRECATED_OBJC_IMPLEMENTATIONS = YES;
				CLANG_WARN_DIRECT_OBJC_ISA_USAGE = YES_ERROR;
				CLANG_WARN_DOCUMENTATION_COMMENTS = YES;
				CLANG_WARN_EMPTY_BODY = YES;
				CLANG_WARN_ENUM_CONVERSION = YES;
				CLANG_WARN_INFINITE_RECURSION = YES;
				CLANG_WARN_INT_CONVERSION = YES;
				CLANG_WARN_NON_LITERAL_NULL_CONVERSION = YES;
				CLANG_WARN_OBJC_IMPLICIT_RETAIN_SELF = YES;
				CLANG_WARN_OBJC_LITERAL_CONVERSION = YES;
				CLANG_WARN_OBJC_ROOT_CLASS = YES_ERROR;
				CLANG_WARN_RANGE_LOOP_ANALYSIS = YES;
				CLANG_WARN_STRICT_PROTOTYPES = YES;
				CLANG_WARN_SUSPICIOUS_MOVE = YES;
				CLANG_WARN_UNGUARDED_AVAILABILITY = YES_AGGRESSIVE;
				CLANG_WARN_UNREACHABLE_CODE = YES;
				CLANG_WARN__DUPLICATE_METHOD_MATCH = YES;
				COPY_PHASE_STRIP = NO;
				DEBUG_INFORMATION_FORMAT = dwarf;
				ENABLE_STRICT_OBJC_MSGSEND = YES;
				ENABLE_TESTABILITY = YES;
				GCC_C_LANGUAGE_STANDARD = gnu11;
				GCC_DYNAMIC_NO_PIC = NO;
				GCC_NO_COMMON_BLOCKS = YES;
				GCC_OPTIMIZATION_LEVEL = 0;
				GCC_PREPROCESSOR_DEFINITIONS = (
					"DEBUG=1",
					"$(inherited)",
				);
				GCC_WARN_64_TO_32_BIT_CONVERSION = YES;
				GCC_WARN_ABOUT_RETURN_TYPE = YES_ERROR;
				GCC_WARN_UNDECLARED_SELECTOR = YES;
				GCC_WARN_UNINITIALIZED_AUTOS = YES_AGGRESSIVE;
				GCC_WARN_UNUSED_FUNCTION = YES;
				GCC_WARN_UNUSED_VARIABLE = YES;
				IPHONEOS_DEPLOYMENT_TARGET = 13.1;
				MTL_ENABLE_DEBUG_INFO = INCLUDE_SOURCE;
				MTL_FAST_MATH = YES;
				ONLY_ACTIVE_ARCH = YES;
				SDKROOT = iphoneos;
				SWIFT_ACTIVE_COMPILATION_CONDITIONS = DEBUG;
				SWIFT_OPTIMIZATION_LEVEL = "-Onone";
			};
			name = Debug;
		};
		72DCAF0C23588B8100EAD63D /* Release */ = {
			isa = XCBuildConfiguration;
			buildSettings = {
				ALWAYS_SEARCH_USER_PATHS = NO;
				CLANG_ANALYZER_NONNULL = YES;
				CLANG_ANALYZER_NUMBER_OBJECT_CONVERSION = YES_AGGRESSIVE;
				CLANG_CXX_LANGUAGE_STANDARD = "gnu++14";
				CLANG_CXX_LIBRARY = "libc++";
				CLANG_ENABLE_MODULES = YES;
				CLANG_ENABLE_OBJC_ARC = YES;
				CLANG_ENABLE_OBJC_WEAK = YES;
				CLANG_WARN_BLOCK_CAPTURE_AUTORELEASING = YES;
				CLANG_WARN_BOOL_CONVERSION = YES;
				CLANG_WARN_COMMA = YES;
				CLANG_WARN_CONSTANT_CONVERSION = YES;
				CLANG_WARN_DEPRECATED_OBJC_IMPLEMENTATIONS = YES;
				CLANG_WARN_DIRECT_OBJC_ISA_USAGE = YES_ERROR;
				CLANG_WARN_DOCUMENTATION_COMMENTS = YES;
				CLANG_WARN_EMPTY_BODY = YES;
				CLANG_WARN_ENUM_CONVERSION = YES;
				CLANG_WARN_INFINITE_RECURSION = YES;
				CLANG_WARN_INT_CONVERSION = YES;
				CLANG_WARN_NON_LITERAL_NULL_CONVERSION = YES;
				CLANG_WARN_OBJC_IMPLICIT_RETAIN_SELF = YES;
				CLANG_WARN_OBJC_LITERAL_CONVERSION = YES;
				CLANG_WARN_OBJC_ROOT_CLASS = YES_ERROR;
				CLANG_WARN_RANGE_LOOP_ANALYSIS = YES;
				CLANG_WARN_STRICT_PROTOTYPES = YES;
				CLANG_WARN_SUSPICIOUS_MOVE = YES;
				CLANG_WARN_UNGUARDED_AVAILABILITY = YES_AGGRESSIVE;
				CLANG_WARN_UNREACHABLE_CODE = YES;
				CLANG_WARN__DUPLICATE_METHOD_MATCH = YES;
				COPY_PHASE_STRIP = NO;
				DEBUG_INFORMATION_FORMAT = "dwarf-with-dsym";
				ENABLE_NS_ASSERTIONS = NO;
				ENABLE_STRICT_OBJC_MSGSEND = YES;
				GCC_C_LANGUAGE_STANDARD = gnu11;
				GCC_NO_COMMON_BLOCKS = YES;
				GCC_WARN_64_TO_32_BIT_CONVERSION = YES;
				GCC_WARN_ABOUT_RETURN_TYPE = YES_ERROR;
				GCC_WARN_UNDECLARED_SELECTOR = YES;
				GCC_WARN_UNINITIALIZED_AUTOS = YES_AGGRESSIVE;
				GCC_WARN_UNUSED_FUNCTION = YES;
				GCC_WARN_UNUSED_VARIABLE = YES;
				IPHONEOS_DEPLOYMENT_TARGET = 13.1;
				MTL_ENABLE_DEBUG_INFO = NO;
				MTL_FAST_MATH = YES;
				SDKROOT = iphoneos;
				SWIFT_COMPILATION_MODE = wholemodule;
				SWIFT_OPTIMIZATION_LEVEL = "-O";
				VALIDATE_PRODUCT = YES;
			};
			name = Release;
		};
		72DCAF0E23588B8100EAD63D /* Debug */ = {
			isa = XCBuildConfiguration;
			buildSettings = {
				API_BASE_URL = "http://192.168.66.26/api/v2/";
				API_KEY = ego;
				ASSETCATALOG_COMPILER_APPICON_NAME = AppIcon;
				CODE_SIGN_STYLE = Automatic;
				DEVELOPMENT_TEAM = M9MFW3K3L7;
				INFOPLIST_FILE = Moose/Info.plist;
				LD_RUNPATH_SEARCH_PATHS = (
					"$(inherited)",
					"@executable_path/Frameworks",
				);
				PRODUCT_BUNDLE_IDENTIFIER = de.tapwork.Moose;
				PRODUCT_NAME = "$(TARGET_NAME)";
				SWIFT_VERSION = 5.0;
				TARGETED_DEVICE_FAMILY = "1,2";
			};
			name = Debug;
		};
		72DCAF0F23588B8100EAD63D /* Release */ = {
			isa = XCBuildConfiguration;
			buildSettings = {
				API_BASE_URL = "http://192.168.66.26/api/v2/";
				API_KEY = ego;
				ASSETCATALOG_COMPILER_APPICON_NAME = AppIcon;
				CODE_SIGN_STYLE = Automatic;
				DEVELOPMENT_TEAM = M9MFW3K3L7;
				INFOPLIST_FILE = Moose/Info.plist;
				LD_RUNPATH_SEARCH_PATHS = (
					"$(inherited)",
					"@executable_path/Frameworks",
				);
				PRODUCT_BUNDLE_IDENTIFIER = de.tapwork.Moose;
				PRODUCT_NAME = "$(TARGET_NAME)";
				SWIFT_VERSION = 5.0;
				TARGETED_DEVICE_FAMILY = "1,2";
			};
			name = Release;
		};
/* End XCBuildConfiguration section */

/* Begin XCConfigurationList section */
		72DCAEF423588B8000EAD63D /* Build configuration list for PBXProject "Moose" */ = {
			isa = XCConfigurationList;
			buildConfigurations = (
				72DCAF0B23588B8100EAD63D /* Debug */,
				72DCAF0C23588B8100EAD63D /* Release */,
			);
			defaultConfigurationIsVisible = 0;
			defaultConfigurationName = Release;
		};
		72DCAF0D23588B8100EAD63D /* Build configuration list for PBXNativeTarget "Moose" */ = {
			isa = XCConfigurationList;
			buildConfigurations = (
				72DCAF0E23588B8100EAD63D /* Debug */,
				72DCAF0F23588B8100EAD63D /* Release */,
			);
			defaultConfigurationIsVisible = 0;
			defaultConfigurationName = Release;
		};
/* End XCConfigurationList section */
	};
	rootObject = 72DCAEF123588B8000EAD63D /* Project object */;
}
