// !$*UTF8*$!
{
	archiveVersion = 1;
	classes = {
	};
	objectVersion = 50;
	objects = {

/* Begin PBXBuildFile section */
		72DCAEFD23588B8000EAD63D /* AppDelegate.swift in Sources */ = {isa = PBXBuildFile; fileRef = 72DCAEFC23588B8000EAD63D /* AppDelegate.swift */; };
		72DCAEFF23588B8000EAD63D /* SceneDelegate.swift in Sources */ = {isa = PBXBuildFile; fileRef = 72DCAEFE23588B8000EAD63D /* SceneDelegate.swift */; };
		72DCAF0123588B8000EAD63D /* ViewController.swift in Sources */ = {isa = PBXBuildFile; fileRef = 72DCAF0023588B8000EAD63D /* ViewController.swift */; };
		72DCAF0423588B8000EAD63D /* Main.storyboard in Resources */ = {isa = PBXBuildFile; fileRef = 72DCAF0223588B8000EAD63D /* Main.storyboard */; };
		72DCAF0623588B8100EAD63D /* Assets.xcassets in Resources */ = {isa = PBXBuildFile; fileRef = 72DCAF0523588B8100EAD63D /* Assets.xcassets */; };
		72DCAF0923588B8100EAD63D /* LaunchScreen.storyboard in Resources */ = {isa = PBXBuildFile; fileRef = 72DCAF0723588B8100EAD63D /* LaunchScreen.storyboard */; };
/* End PBXBuildFile section */

/* Begin PBXFileReference section */
		72DCAEF923588B8000EAD63D /* Moose.app */ = {isa = PBXFileReference; explicitFileType = wrapper.application; includeInIndex = 0; path = Moose.app; sourceTree = BUILT_PRODUCTS_DIR; };
		72DCAEFC23588B8000EAD63D /* AppDelegate.swift */ = {isa = PBXFileReference; lastKnownFileType = sourcecode.swift; path = AppDelegate.swift; sourceTree = "<group>"; };
		72DCAEFE23588B8000EAD63D /* SceneDelegate.swift */ = {isa = PBXFileReference; lastKnownFileType = sourcecode.swift; path = SceneDelegate.swift; sourceTree = "<group>"; };
		72DCAF0023588B8000EAD63D /* ViewController.swift */ = {isa = PBXFileReference; lastKnownFileType = sourcecode.swift; path = ViewController.swift; sourceTree = "<group>"; };
		72DCAF0323588B8000EAD63D /* Base */ = {isa = PBXFileReference; lastKnownFileType = file.storyboard; name = Base; path = Base.lproj/Main.storyboard; sourceTree = "<group>"; };
		72DCAF0523588B8100EAD63D /* Assets.xcassets */ = {isa = PBXFileReference; lastKnownFileType = folder.assetcatalog; path = Assets.xcassets; sourceTree = "<group>"; };
		72DCAF0823588B8100EAD63D /* Base */ = {isa = PBXFileReference; lastKnownFileType = file.storyboard; name = Base; path = Base.lproj/LaunchScreen.storyboard; sourceTree = "<group>"; };
		72DCAF0A23588B8100EAD63D /* Info.plist */ = {isa = PBXFileReference; lastKnownFileType = text.plist.xml; path = Info.plist; sourceTree = "<group>"; };
/* End PBXFileReference section */

/* Begin PBXFrameworksBuildPhase section */
		72DCAEF623588B8000EAD63D /* Frameworks */ = {
			isa = PBXFrameworksBuildPhase;
			buildActionMask = 2147483647;
			files = (
			);
			runOnlyForDeploymentPostprocessing = 0;
		};
/* End PBXFrameworksBuildPhase section */

/* Begin PBXGroup section */
		72DCAEF023588B8000EAD63D = {
			isa = PBXGroup;
			children = (
				72DCAEFB23588B8000EAD63D /* Moose */,
				72DCAEFA23588B8000EAD63D /* Products */,
			);
			sourceTree = "<group>";
		};
		72DCAEFA23588B8000EAD63D /* Products */ = {
			isa = PBXGroup;
			children = (
				72DCAEF923588B8000EAD63D /* Moose.app */,
			);
			name = Products;
			sourceTree = "<group>";
		};
		72DCAEFB23588B8000EAD63D /* Moose */ = {
			isa = PBXGroup;
			children = (
				72DCAEFC23588B8000EAD63D /* AppDelegate.swift */,
				72DCAEFE23588B8000EAD63D /* SceneDelegate.swift */,
				72DCAF0023588B8000EAD63D /* ViewController.swift */,
				72DCAF0223588B8000EAD63D /* Main.storyboard */,
				72DCAF0523588B8100EAD63D /* Assets.xcassets */,
				72DCAF0723588B8100EAD63D /* LaunchScreen.storyboard */,
				72DCAF0A23588B8100EAD63D /* Info.plist */,
			);
			path = Moose;
			sourceTree = "<group>";
		};
/* End PBXGroup section */

/* Begin PBXNativeTarget section */
		72DCAEF823588B8000EAD63D /* Moose */ = {
			isa = PBXNativeTarget;
			buildConfigurationList = 72DCAF0D23588B8100EAD63D /* Build configuration list for PBXNativeTarget "Moose" */;
			buildPhases = (
				72DCAEF523588B8000EAD63D /* Sources */,
				72DCAEF623588B8000EAD63D /* Frameworks */,
				72DCAEF723588B8000EAD63D /* Resources */,
			);
			buildRules = (
			);
			dependencies = (
			);
			name = Moose;
			productName = Moose;
			productReference = 72DCAEF923588B8000EAD63D /* Moose.app */;
			productType = "com.apple.product-type.application";
		};
/* End PBXNativeTarget section */

/* Begin PBXProject section */
		72DCAEF123588B8000EAD63D /* Project object */ = {
			isa = PBXProject;
			attributes = {
				LastSwiftUpdateCheck = 1110;
				LastUpgradeCheck = 1110;
				ORGANIZATIONNAME = Moose;
				TargetAttributes = {
					72DCAEF823588B8000EAD63D = {
						CreatedOnToolsVersion = 11.1;
					};
				};
			};
			buildConfigurationList = 72DCAEF423588B8000EAD63D /* Build configuration list for PBXProject "Moose" */;
			compatibilityVersion = "Xcode 9.3";
			developmentRegion = en;
			hasScannedForEncodings = 0;
			knownRegions = (
				en,
				Base,
			);
			mainGroup = 72DCAEF023588B8000EAD63D;
			productRefGroup = 72DCAEFA23588B8000EAD63D /* Products */;
			projectDirPath = "";
			projectRoot = "";
			targets = (
				72DCAEF823588B8000EAD63D /* Moose */,
			);
		};
/* End PBXProject section */

/* Begin PBXResourcesBuildPhase section */
		72DCAEF723588B8000EAD63D /* Resources */ = {
			isa = PBXResourcesBuildPhase;
			buildActionMask = 2147483647;
			files = (
				72DCAF0923588B8100EAD63D /* LaunchScreen.storyboard in Resources */,
				72DCAF0623588B8100EAD63D /* Assets.xcassets in Resources */,
				72DCAF0423588B8000EAD63D /* Main.storyboard in Resources */,
			);
			runOnlyForDeploymentPostprocessing = 0;
		};
/* End PBXResourcesBuildPhase section */

/* Begin PBXSourcesBuildPhase section */
		72DCAEF523588B8000EAD63D /* Sources */ = {
			isa = PBXSourcesBuildPhase;
			buildActionMask = 2147483647;
			files = (
				72DCAF0123588B8000EAD63D /* ViewController.swift in Sources */,
				72DCAEFD23588B8000EAD63D /* AppDelegate.swift in Sources */,
				72DCAEFF23588B8000EAD63D /* SceneDelegate.swift in Sources */,
			);
			runOnlyForDeploymentPostprocessing = 0;
		};
/* End PBXSourcesBuildPhase section */

/* Begin PBXVariantGroup section */
		72DCAF0223588B8000EAD63D /* Main.storyboard */ = {
			isa = PBXVariantGroup;
			children = (
				72DCAF0323588B8000EAD63D /* Base */,
			);
			name = Main.storyboard;
			sourceTree = "<group>";
		};
		72DCAF0723588B8100EAD63D /* LaunchScreen.storyboard */ = {
			isa = PBXVariantGroup;
			children = (
				72DCAF0823588B8100EAD63D /* Base */,
			);
			name = LaunchScreen.storyboard;
			sourceTree = "<group>";
		};
/* End PBXVariantGroup section */

/* Begin XCBuildConfiguration section */
		72DCAF0B23588B8100EAD63D /* Debug */ = {
			isa = XCBuildConfiguration;
			buildSettings = {
				ALWAYS_SEARCH_USER_PATHS = NO;
				CLANG_ANALYZER_NONNULL = YES;
				CLANG_ANALYZER_NUMBER_OBJECT_CONVERSION = YES_AGGRESSIVE;
				CLANG_CXX_LANGUAGE_STANDARD = "gnu++14";
				CLANG_CXX_LIBRARY = "libc++";
				CLANG_ENABLE_MODULES = YES;
				CLANG_ENABLE_OBJC_ARC = YES;
				CLANG_ENABLE_OBJC_WEAK = YES;
				CLANG_WARN_BLOCK_CAPTURE_AUTORELEASING = YES;
				CLANG_WARN_BOOL_CONVERSION = YES;
				CLANG_WARN_COMMA = YES;
				CLANG_WARN_CONSTANT_CONVERSION = YES;
				CLANG_WARN_DEPRECATED_OBJC_IMPLEMENTATIONS = YES;
				CLANG_WARN_DIRECT_OBJC_ISA_USAGE = YES_ERROR;
				CLANG_WARN_DOCUMENTATION_COMMENTS = YES;
				CLANG_WARN_EMPTY_BODY = YES;
				CLANG_WARN_ENUM_CONVERSION = YES;
				CLANG_WARN_INFINITE_RECURSION = YES;
				CLANG_WARN_INT_CONVERSION = YES;
				CLANG_WARN_NON_LITERAL_NULL_CONVERSION = YES;
				CLANG_WARN_OBJC_IMPLICIT_RETAIN_SELF = YES;
				CLANG_WARN_OBJC_LITERAL_CONVERSION = YES;
				CLANG_WARN_OBJC_ROOT_CLASS = YES_ERROR;
				CLANG_WARN_RANGE_LOOP_ANALYSIS = YES;
				CLANG_WARN_STRICT_PROTOTYPES = YES;
				CLANG_WARN_SUSPICIOUS_MOVE = YES;
				CLANG_WARN_UNGUARDED_AVAILABILITY = YES_AGGRESSIVE;
				CLANG_WARN_UNREACHABLE_CODE = YES;
				CLANG_WARN__DUPLICATE_METHOD_MATCH = YES;
				COPY_PHASE_STRIP = NO;
				DEBUG_INFORMATION_FORMAT = dwarf;
				ENABLE_STRICT_OBJC_MSGSEND = YES;
				ENABLE_TESTABILITY = YES;
				GCC_C_LANGUAGE_STANDARD = gnu11;
				GCC_DYNAMIC_NO_PIC = NO;
				GCC_NO_COMMON_BLOCKS = YES;
				GCC_OPTIMIZATION_LEVEL = 0;
				GCC_PREPROCESSOR_DEFINITIONS = (
					"DEBUG=1",
					"$(inherited)",
				);
				GCC_WARN_64_TO_32_BIT_CONVERSION = YES;
				GCC_WARN_ABOUT_RETURN_TYPE = YES_ERROR;
				GCC_WARN_UNDECLARED_SELECTOR = YES;
				GCC_WARN_UNINITIALIZED_AUTOS = YES_AGGRESSIVE;
				GCC_WARN_UNUSED_FUNCTION = YES;
				GCC_WARN_UNUSED_VARIABLE = YES;
				IPHONEOS_DEPLOYMENT_TARGET = 13.1;
				MTL_ENABLE_DEBUG_INFO = INCLUDE_SOURCE;
				MTL_FAST_MATH = YES;
				ONLY_ACTIVE_ARCH = YES;
				SDKROOT = iphoneos;
				SWIFT_ACTIVE_COMPILATION_CONDITIONS = DEBUG;
				SWIFT_OPTIMIZATION_LEVEL = "-Onone";
			};
			name = Debug;
		};
		72DCAF0C23588B8100EAD63D /* Release */ = {
			isa = XCBuildConfiguration;
			buildSettings = {
				ALWAYS_SEARCH_USER_PATHS = NO;
				CLANG_ANALYZER_NONNULL = YES;
				CLANG_ANALYZER_NUMBER_OBJECT_CONVERSION = YES_AGGRESSIVE;
				CLANG_CXX_LANGUAGE_STANDARD = "gnu++14";
				CLANG_CXX_LIBRARY = "libc++";
				CLANG_ENABLE_MODULES = YES;
				CLANG_ENABLE_OBJC_ARC = YES;
				CLANG_ENABLE_OBJC_WEAK = YES;
				CLANG_WARN_BLOCK_CAPTURE_AUTORELEASING = YES;
				CLANG_WARN_BOOL_CONVERSION = YES;
				CLANG_WARN_COMMA = YES;
				CLANG_WARN_CONSTANT_CONVERSION = YES;
				CLANG_WARN_DEPRECATED_OBJC_IMPLEMENTATIONS = YES;
				CLANG_WARN_DIRECT_OBJC_ISA_USAGE = YES_ERROR;
				CLANG_WARN_DOCUMENTATION_COMMENTS = YES;
				CLANG_WARN_EMPTY_BODY = YES;
				CLANG_WARN_ENUM_CONVERSION = YES;
				CLANG_WARN_INFINITE_RECURSION = YES;
				CLANG_WARN_INT_CONVERSION = YES;
				CLANG_WARN_NON_LITERAL_NULL_CONVERSION = YES;
				CLANG_WARN_OBJC_IMPLICIT_RETAIN_SELF = YES;
				CLANG_WARN_OBJC_LITERAL_CONVERSION = YES;
				CLANG_WARN_OBJC_ROOT_CLASS = YES_ERROR;
				CLANG_WARN_RANGE_LOOP_ANALYSIS = YES;
				CLANG_WARN_STRICT_PROTOTYPES = YES;
				CLANG_WARN_SUSPICIOUS_MOVE = YES;
				CLANG_WARN_UNGUARDED_AVAILABILITY = YES_AGGRESSIVE;
				CLANG_WARN_UNREACHABLE_CODE = YES;
				CLANG_WARN__DUPLICATE_METHOD_MATCH = YES;
				COPY_PHASE_STRIP = NO;
				DEBUG_INFORMATION_FORMAT = "dwarf-with-dsym";
				ENABLE_NS_ASSERTIONS = NO;
				ENABLE_STRICT_OBJC_MSGSEND = YES;
				GCC_C_LANGUAGE_STANDARD = gnu11;
				GCC_NO_COMMON_BLOCKS = YES;
				GCC_WARN_64_TO_32_BIT_CONVERSION = YES;
				GCC_WARN_ABOUT_RETURN_TYPE = YES_ERROR;
				GCC_WARN_UNDECLARED_SELECTOR = YES;
				GCC_WARN_UNINITIALIZED_AUTOS = YES_AGGRESSIVE;
				GCC_WARN_UNUSED_FUNCTION = YES;
				GCC_WARN_UNUSED_VARIABLE = YES;
				IPHONEOS_DEPLOYMENT_TARGET = 13.1;
				MTL_ENABLE_DEBUG_INFO = NO;
				MTL_FAST_MATH = YES;
				SDKROOT = iphoneos;
				SWIFT_COMPILATION_MODE = wholemodule;
				SWIFT_OPTIMIZATION_LEVEL = "-O";
				VALIDATE_PRODUCT = YES;
			};
			name = Release;
		};
		72DCAF0E23588B8100EAD63D /* Debug */ = {
			isa = XCBuildConfiguration;
			buildSettings = {
				ASSETCATALOG_COMPILER_APPICON_NAME = AppIcon;
				CODE_SIGN_STYLE = Automatic;
				DEVELOPMENT_TEAM = D5PCJAP39R;
				INFOPLIST_FILE = Moose/Info.plist;
				LD_RUNPATH_SEARCH_PATHS = (
					"$(inherited)",
					"@executable_path/Frameworks",
				);
				PRODUCT_BUNDLE_IDENTIFIER = de.tapwork.Moose;
				PRODUCT_NAME = "$(TARGET_NAME)";
				SWIFT_VERSION = 5.0;
				TARGETED_DEVICE_FAMILY = "1,2";
			};
			name = Debug;
		};
		72DCAF0F23588B8100EAD63D /* Release */ = {
			isa = XCBuildConfiguration;
			buildSettings = {
				ASSETCATALOG_COMPILER_APPICON_NAME = AppIcon;
				CODE_SIGN_STYLE = Automatic;
				DEVELOPMENT_TEAM = D5PCJAP39R;
				INFOPLIST_FILE = Moose/Info.plist;
				LD_RUNPATH_SEARCH_PATHS = (
					"$(inherited)",
					"@executable_path/Frameworks",
				);
				PRODUCT_BUNDLE_IDENTIFIER = de.tapwork.Moose;
				PRODUCT_NAME = "$(TARGET_NAME)";
				SWIFT_VERSION = 5.0;
				TARGETED_DEVICE_FAMILY = "1,2";
			};
			name = Release;
		};
/* End XCBuildConfiguration section */

/* Begin XCConfigurationList section */
		72DCAEF423588B8000EAD63D /* Build configuration list for PBXProject "Moose" */ = {
			isa = XCConfigurationList;
			buildConfigurations = (
				72DCAF0B23588B8100EAD63D /* Debug */,
				72DCAF0C23588B8100EAD63D /* Release */,
			);
			defaultConfigurationIsVisible = 0;
			defaultConfigurationName = Release;
		};
		72DCAF0D23588B8100EAD63D /* Build configuration list for PBXNativeTarget "Moose" */ = {
			isa = XCConfigurationList;
			buildConfigurations = (
				72DCAF0E23588B8100EAD63D /* Debug */,
				72DCAF0F23588B8100EAD63D /* Release */,
			);
			defaultConfigurationIsVisible = 0;
			defaultConfigurationName = Release;
		};
/* End XCConfigurationList section */
	};
	rootObject = 72DCAEF123588B8000EAD63D /* Project object */;
}
